
Microsoft Visual Studio Solution File, Format Version 12.00
# Visual Studio Version 17
VisualStudioVersion = 17.10.35122.118
MinimumVisualStudioVersion = 10.0.40219.1
Project("{FAE04EC0-301F-11D3-BF4B-00C04F79EFBC}") = "Allergies", "Allergies\Allergies.csproj", "{54606258-5312-49A4-81D3-D40C838B803B}"
EndProject
Global
	GlobalSection(SolutionConfigurationPlatforms) = preSolution
		Debug|Any CPU = Debug|Any CPU
		Release|Any CPU = Release|Any CPU
	EndGlobalSection
	GlobalSection(ProjectConfigurationPlatforms) = postSolution
		{54606258-5312-49A4-81D3-D40C838B803B}.Debug|Any CPU.ActiveCfg = Debug|Any CPU
		{54606258-5312-49A4-81D3-D40C838B803B}.Debug|Any CPU.Build.0 = Debug|Any CPU
		{54606258-5312-49A4-81D3-D40C838B803B}.Release|Any CPU.ActiveCfg = Release|Any CPU
		{54606258-5312-49A4-81D3-D40C838B803B}.Release|Any CPU.Build.0 = Release|Any CPU
	EndGlobalSection
	GlobalSection(SolutionProperties) = preSolution
		HideSolutionNode = FALSE
	EndGlobalSection
	GlobalSection(ExtensibilityGlobals) = postSolution
		SolutionGuid = {40BA5033-ED89-4397-BAEF-4D513EC0EACA}
	EndGlobalSection
EndGlobal
